speakeasyVersion: 1.680.0
sources:
    bar-api:
        sourceNamespace: bar-api
        sourceRevisionDigest: sha256:fc85423e6dcb21dfd49ff5cb8f0019d7a8ccd724132c02ae7a2d20f17b397c5f
        sourceBlobDigest: sha256:e10ccc51c238aa35953af0231854f5ceb214b0d3fff598417a871309d652d0fc
        tags:
            - latest
            - speakeasy-sdk-regen-1783433962
            - 1.0.1
targets:
    bar-typescript:
        source: bar-api
        sourceNamespace: bar-api
        sourceRevisionDigest: sha256:fc85423e6dcb21dfd49ff5cb8f0019d7a8ccd724132c02ae7a2d20f17b397c5f
        sourceBlobDigest: sha256:e10ccc51c238aa35953af0231854f5ceb214b0d3fff598417a871309d652d0fc
workflow:
    workflowVersion: 1.0.0
    speakeasyVersion: latest
    sources:
        bar-api:
            inputs:
                - location: ./openapi.yaml
            registry:
                location: registry.speakeasyapi.dev/qynn/readme-editor-tests/bar-api
    targets:
        bar-typescript:
            target: typescript
            source: bar-api
            publish:
                npm:
                    token: $npm_token
